
Microsoft Visual Studio Solution File, Format Version 12.00
# Visual Studio 15
VisualStudioVersion = 15.0.28307.489
MinimumVisualStudioVersion = 10.0.40219.1
Project("{888888A0-9F3D-457C-B088-3A5042F75D52}") = "pyrentals", "pyrentals\pyrentals.pyproj", "{9577E019-0296-434C-868E-479F48A5C0B6}"
EndProject
Global
	GlobalSection(SolutionConfigurationPlatforms) = preSolution
		Debug|Any CPU = Debug|Any CPU
		Release|Any CPU = Release|Any CPU
	EndGlobalSection
	GlobalSection(ProjectConfigurationPlatforms) = postSolution
		{9577E019-0296-434C-868E-479F48A5C0B6}.Debug|Any CPU.ActiveCfg = Debug|Any CPU
		{9577E019-0296-434C-868E-479F48A5C0B6}.Release|Any CPU.ActiveCfg = Release|Any CPU
	EndGlobalSection
	GlobalSection(SolutionProperties) = preSolution
		HideSolutionNode = FALSE
	EndGlobalSection
	GlobalSection(ExtensibilityGlobals) = postSolution
		SolutionGuid = {D97D7F74-40AF-41C3-92FA-707DF6E9F836}
	EndGlobalSection
EndGlobal
